// !$*UTF8*$!
{
	archiveVersion = 1;
	classes = {
	};
	objectVersion = 46;
	objects = {

/* Begin PBXBuildFile section */
		100815181B12F28500FA2D7E /* UserList.json in Resources */ = {isa = PBXBuildFile; fileRef = 100815171B12F28500FA2D7E /* UserList.json */; };
		1015A49A1B12D8D10020FFAF /* main.m in Sources */ = {isa = PBXBuildFile; fileRef = 1015A4991B12D8D10020FFAF /* main.m */; };
		1015A49D1B12D8D10020FFAF /* AppDelegate.m in Sources */ = {isa = PBXBuildFile; fileRef = 1015A49C1B12D8D10020FFAF /* AppDelegate.m */; };
		1015A4A01B12D8D10020FFAF /* LibraryExercise.xcdatamodeld in Sources */ = {isa = PBXBuildFile; fileRef = 1015A49E1B12D8D10020FFAF /* LibraryExercise.xcdatamodeld */; };
		1015A4A61B12D8D10020FFAF /* Main.storyboard in Resources */ = {isa = PBXBuildFile; fileRef = 1015A4A41B12D8D10020FFAF /* Main.storyboard */; };
		1015A4A81B12D8D10020FFAF /* Images.xcassets in Resources */ = {isa = PBXBuildFile; fileRef = 1015A4A71B12D8D10020FFAF /* Images.xcassets */; };
		1015A4AB1B12D8D10020FFAF /* LaunchScreen.xib in Resources */ = {isa = PBXBuildFile; fileRef = 1015A4A91B12D8D10020FFAF /* LaunchScreen.xib */; };
		1015A4B71B12D8D10020FFAF /* LibraryExerciseTests.m in Sources */ = {isa = PBXBuildFile; fileRef = 1015A4B61B12D8D10020FFAF /* LibraryExerciseTests.m */; };
		10240AE11B12F75200B937D7 /* RegisterViewController.m in Sources */ = {isa = PBXBuildFile; fileRef = 10240AE01B12F75200B937D7 /* RegisterViewController.m */; };
		10240AE41B12F75C00B937D7 /* LoginViewController.m in Sources */ = {isa = PBXBuildFile; fileRef = 10240AE31B12F75C00B937D7 /* LoginViewController.m */; };
		10240AE71B12F76500B937D7 /* AdminViewController.m in Sources */ = {isa = PBXBuildFile; fileRef = 10240AE61B12F76500B937D7 /* AdminViewController.m */; };
		10240AEA1B12F81500B937D7 /* JSONFileManager.m in Sources */ = {isa = PBXBuildFile; fileRef = 10240AE91B12F81500B937D7 /* JSONFileManager.m */; };
		10240AF01B12FA3100B937D7 /* User.m in Sources */ = {isa = PBXBuildFile; fileRef = 10240AEF1B12FA3100B937D7 /* User.m */; };
		10240AF31B12FA6000B937D7 /* Book.m in Sources */ = {isa = PBXBuildFile; fileRef = 10240AF21B12FA6000B937D7 /* Book.m */; };
		104D9EB31B18066400876963 /* BranchList.json in Resources */ = {isa = PBXBuildFile; fileRef = 104D9EB21B18066400876963 /* BranchList.json */; };
		1054DB9E1B183D6900F30CE0 /* BookInfoTableViewCell.m in Sources */ = {isa = PBXBuildFile; fileRef = 1054DB9C1B183D6900F30CE0 /* BookInfoTableViewCell.m */; };
		1054DB9F1B183D6900F30CE0 /* BookInfoTableViewCell.xib in Resources */ = {isa = PBXBuildFile; fileRef = 1054DB9D1B183D6900F30CE0 /* BookInfoTableViewCell.xib */; };
		10AC4E191B13139000E7E89D /* CoreDataModel.m in Sources */ = {isa = PBXBuildFile; fileRef = 10AC4E181B13139000E7E89D /* CoreDataModel.m */; };
		10AC4E1C1B132F1E00E7E89D /* bookList.json in Resources */ = {isa = PBXBuildFile; fileRef = 10AC4E1B1B132F1E00E7E89D /* bookList.json */; };
		10AC4E1E1B13389000E7E89D /* bookLoans.json in Resources */ = {isa = PBXBuildFile; fileRef = 10AC4E1D1B13389000E7E89D /* bookLoans.json */; };
		10AC4E201B13394800E7E89D /* bookCopies.json in Resources */ = {isa = PBXBuildFile; fileRef = 10AC4E1F1B13394800E7E89D /* bookCopies.json */; };
		10AC4E221B1354B600E7E89D /* AuthorList.json in Resources */ = {isa = PBXBuildFile; fileRef = 10AC4E211B1354B600E7E89D /* AuthorList.json */; };
		10AC4E251B138EED00E7E89D /* UserViewController.m in Sources */ = {isa = PBXBuildFile; fileRef = 10AC4E241B138EED00E7E89D /* UserViewController.m */; };
		10AC4E281B138F6100E7E89D /* UserNavViewController.m in Sources */ = {isa = PBXBuildFile; fileRef = 10AC4E271B138F6100E7E89D /* UserNavViewController.m */; };
		10AC4E2B1B138FE800E7E89D /* UserInfoView.m in Sources */ = {isa = PBXBuildFile; fileRef = 10AC4E2A1B138FE800E7E89D /* UserInfoView.m */; };
		10AC4E2D1B1390E700E7E89D /* UserInfoView.xib in Resources */ = {isa = PBXBuildFile; fileRef = 10AC4E2C1B1390E700E7E89D /* UserInfoView.xib */; };
		10D8ED331B160DDB0058B726 /* BookInfoViewController.m in Sources */ = {isa = PBXBuildFile; fileRef = 10D8ED321B160DDB0058B726 /* BookInfoViewController.m */; };
		10E9E4CF1B1552F500D315AE /* BorrowingBookViewController.m in Sources */ = {isa = PBXBuildFile; fileRef = 10E9E4CE1B1552F500D315AE /* BorrowingBookViewController.m */; };
/* End PBXBuildFile section */

/* Begin PBXContainerItemProxy section */
		1015A4B11B12D8D10020FFAF /* PBXContainerItemProxy */ = {
			isa = PBXContainerItemProxy;
			containerPortal = 1015A48C1B12D8D10020FFAF /* Project object */;
			proxyType = 1;
			remoteGlobalIDString = 1015A4931B12D8D10020FFAF;
			remoteInfo = LibraryExercise;
		};
/* End PBXContainerItemProxy section */

/* Begin PBXFileReference section */
		100815171B12F28500FA2D7E /* UserList.json */ = {isa = PBXFileReference; fileEncoding = 4; lastKnownFileType = text.json; path = UserList.json; sourceTree = "<group>"; };
		1015A4941B12D8D10020FFAF /* LibraryExercise.app */ = {isa = PBXFileReference; explicitFileType = wrapper.application; includeInIndex = 0; path = LibraryExercise.app; sourceTree = BUILT_PRODUCTS_DIR; };
		1015A4981B12D8D10020FFAF /* Info.plist */ = {isa = PBXFileReference; lastKnownFileType = text.plist.xml; path = Info.plist; sourceTree = "<group>"; };
		1015A4991B12D8D10020FFAF /* main.m */ = {isa = PBXFileReference; lastKnownFileType = sourcecode.c.objc; path = main.m; sourceTree = "<group>"; };
		1015A49B1B12D8D10020FFAF /* AppDelegate.h */ = {isa = PBXFileReference; lastKnownFileType = sourcecode.c.h; path = AppDelegate.h; sourceTree = "<group>"; };
		1015A49C1B12D8D10020FFAF /* AppDelegate.m */ = {isa = PBXFileReference; lastKnownFileType = sourcecode.c.objc; path = AppDelegate.m; sourceTree = "<group>"; };
		1015A49F1B12D8D10020FFAF /* LibraryExercise.xcdatamodel */ = {isa = PBXFileReference; lastKnownFileType = wrapper.xcdatamodel; path = LibraryExercise.xcdatamodel; sourceTree = "<group>"; };
		1015A4A51B12D8D10020FFAF /* Base */ = {isa = PBXFileReference; lastKnownFileType = file.storyboard; name = Base; path = Base.lproj/Main.storyboard; sourceTree = "<group>"; };
		1015A4A71B12D8D10020FFAF /* Images.xcassets */ = {isa = PBXFileReference; lastKnownFileType = folder.assetcatalog; path = Images.xcassets; sourceTree = "<group>"; };
		1015A4AA1B12D8D10020FFAF /* Base */ = {isa = PBXFileReference; lastKnownFileType = file.xib; name = Base; path = Base.lproj/LaunchScreen.xib; sourceTree = "<group>"; };
		1015A4B01B12D8D10020FFAF /* LibraryExerciseTests.xctest */ = {isa = PBXFileReference; explicitFileType = wrapper.cfbundle; includeInIndex = 0; path = LibraryExerciseTests.xctest; sourceTree = BUILT_PRODUCTS_DIR; };
		1015A4B51B12D8D10020FFAF /* Info.plist */ = {isa = PBXFileReference; lastKnownFileType = text.plist.xml; path = Info.plist; sourceTree = "<group>"; };
		1015A4B61B12D8D10020FFAF /* LibraryExerciseTests.m */ = {isa = PBXFileReference; lastKnownFileType = sourcecode.c.objc; path = LibraryExerciseTests.m; sourceTree = "<group>"; };
		10240ADF1B12F75200B937D7 /* RegisterViewController.h */ = {isa = PBXFileReference; fileEncoding = 4; lastKnownFileType = sourcecode.c.h; path = RegisterViewController.h; sourceTree = "<group>"; };
		10240AE01B12F75200B937D7 /* RegisterViewController.m */ = {isa = PBXFileReference; fileEncoding = 4; lastKnownFileType = sourcecode.c.objc; path = RegisterViewController.m; sourceTree = "<group>"; };
		10240AE21B12F75C00B937D7 /* LoginViewController.h */ = {isa = PBXFileReference; fileEncoding = 4; lastKnownFileType = sourcecode.c.h; path = LoginViewController.h; sourceTree = "<group>"; };
		10240AE31B12F75C00B937D7 /* LoginViewController.m */ = {isa = PBXFileReference; fileEncoding = 4; lastKnownFileType = sourcecode.c.objc; path = LoginViewController.m; sourceTree = "<group>"; };
		10240AE51B12F76500B937D7 /* AdminViewController.h */ = {isa = PBXFileReference; fileEncoding = 4; lastKnownFileType = sourcecode.c.h; path = AdminViewController.h; sourceTree = "<group>"; };
		10240AE61B12F76500B937D7 /* AdminViewController.m */ = {isa = PBXFileReference; fileEncoding = 4; lastKnownFileType = sourcecode.c.objc; path = AdminViewController.m; sourceTree = "<group>"; };
		10240AE81B12F81500B937D7 /* JSONFileManager.h */ = {isa = PBXFileReference; fileEncoding = 4; lastKnownFileType = sourcecode.c.h; path = JSONFileManager.h; sourceTree = "<group>"; };
		10240AE91B12F81500B937D7 /* JSONFileManager.m */ = {isa = PBXFileReference; fileEncoding = 4; lastKnownFileType = sourcecode.c.objc; path = JSONFileManager.m; sourceTree = "<group>"; };
		10240AEE1B12FA3100B937D7 /* User.h */ = {isa = PBXFileReference; fileEncoding = 4; lastKnownFileType = sourcecode.c.h; path = User.h; sourceTree = "<group>"; };
		10240AEF1B12FA3100B937D7 /* User.m */ = {isa = PBXFileReference; fileEncoding = 4; lastKnownFileType = sourcecode.c.objc; path = User.m; sourceTree = "<group>"; };
		10240AF11B12FA6000B937D7 /* Book.h */ = {isa = PBXFileReference; fileEncoding = 4; lastKnownFileType = sourcecode.c.h; path = Book.h; sourceTree = "<group>"; };
		10240AF21B12FA6000B937D7 /* Book.m */ = {isa = PBXFileReference; fileEncoding = 4; lastKnownFileType = sourcecode.c.objc; path = Book.m; sourceTree = "<group>"; };
		104D9EB21B18066400876963 /* BranchList.json */ = {isa = PBXFileReference; fileEncoding = 4; lastKnownFileType = text.json; path = BranchList.json; sourceTree = "<group>"; };
		1054DB9B1B183D6900F30CE0 /* BookInfoTableViewCell.h */ = {isa = PBXFileReference; fileEncoding = 4; lastKnownFileType = sourcecode.c.h; path = BookInfoTableViewCell.h; sourceTree = "<group>"; };
		1054DB9C1B183D6900F30CE0 /* BookInfoTableViewCell.m */ = {isa = PBXFileReference; fileEncoding = 4; lastKnownFileType = sourcecode.c.objc; path = BookInfoTableViewCell.m; sourceTree = "<group>"; };
		1054DB9D1B183D6900F30CE0 /* BookInfoTableViewCell.xib */ = {isa = PBXFileReference; fileEncoding = 4; lastKnownFileType = file.xib; path = BookInfoTableViewCell.xib; sourceTree = "<group>"; };
		10AC4E171B13139000E7E89D /* CoreDataModel.h */ = {isa = PBXFileReference; fileEncoding = 4; lastKnownFileType = sourcecode.c.h; path = CoreDataModel.h; sourceTree = "<group>"; };
		10AC4E181B13139000E7E89D /* CoreDataModel.m */ = {isa = PBXFileReference; fileEncoding = 4; lastKnownFileType = sourcecode.c.objc; path = CoreDataModel.m; sourceTree = "<group>"; };
		10AC4E1B1B132F1E00E7E89D /* bookList.json */ = {isa = PBXFileReference; fileEncoding = 4; lastKnownFileType = text.json; path = bookList.json; sourceTree = "<group>"; };
		10AC4E1D1B13389000E7E89D /* bookLoans.json */ = {isa = PBXFileReference; fileEncoding = 4; lastKnownFileType = text.json; path = bookLoans.json; sourceTree = "<group>"; };
		10AC4E1F1B13394800E7E89D /* bookCopies.json */ = {isa = PBXFileReference; fileEncoding = 4; lastKnownFileType = text.json; path = bookCopies.json; sourceTree = "<group>"; };
		10AC4E211B1354B600E7E89D /* AuthorList.json */ = {isa = PBXFileReference; fileEncoding = 4; lastKnownFileType = text.json; path = AuthorList.json; sourceTree = "<group>"; };
		10AC4E231B138EED00E7E89D /* UserViewController.h */ = {isa = PBXFileReference; fileEncoding = 4; lastKnownFileType = sourcecode.c.h; path = UserViewController.h; sourceTree = "<group>"; };
		10AC4E241B138EED00E7E89D /* UserViewController.m */ = {isa = PBXFileReference; fileEncoding = 4; lastKnownFileType = sourcecode.c.objc; path = UserViewController.m; sourceTree = "<group>"; };
		10AC4E261B138F6100E7E89D /* UserNavViewController.h */ = {isa = PBXFileReference; fileEncoding = 4; lastKnownFileType = sourcecode.c.h; path = UserNavViewController.h; sourceTree = "<group>"; };
		10AC4E271B138F6100E7E89D /* UserNavViewController.m */ = {isa = PBXFileReference; fileEncoding = 4; lastKnownFileType = sourcecode.c.objc; path = UserNavViewController.m; sourceTree = "<group>"; };
		10AC4E291B138FE800E7E89D /* UserInfoView.h */ = {isa = PBXFileReference; fileEncoding = 4; lastKnownFileType = sourcecode.c.h; path = UserInfoView.h; sourceTree = "<group>"; };
		10AC4E2A1B138FE800E7E89D /* UserInfoView.m */ = {isa = PBXFileReference; fileEncoding = 4; lastKnownFileType = sourcecode.c.objc; path = UserInfoView.m; sourceTree = "<group>"; };
		10AC4E2C1B1390E700E7E89D /* UserInfoView.xib */ = {isa = PBXFileReference; fileEncoding = 4; lastKnownFileType = file.xib; path = UserInfoView.xib; sourceTree = "<group>"; };
		10D8ED311B160DDB0058B726 /* BookInfoViewController.h */ = {isa = PBXFileReference; fileEncoding = 4; lastKnownFileType = sourcecode.c.h; path = BookInfoViewController.h; sourceTree = "<group>"; };
		10D8ED321B160DDB0058B726 /* BookInfoViewController.m */ = {isa = PBXFileReference; fileEncoding = 4; lastKnownFileType = sourcecode.c.objc; path = BookInfoViewController.m; sourceTree = "<group>"; };
		10E9E4CD1B1552F500D315AE /* BorrowingBookViewController.h */ = {isa = PBXFileReference; fileEncoding = 4; lastKnownFileType = sourcecode.c.h; path = BorrowingBookViewController.h; sourceTree = "<group>"; };
		10E9E4CE1B1552F500D315AE /* BorrowingBookViewController.m */ = {isa = PBXFileReference; fileEncoding = 4; lastKnownFileType = sourcecode.c.objc; path = BorrowingBookViewController.m; sourceTree = "<group>"; };
/* End PBXFileReference section */

/* Begin PBXFrameworksBuildPhase section */
		1015A4911B12D8D10020FFAF /* Frameworks */ = {
			isa = PBXFrameworksBuildPhase;
			buildActionMask = 2147483647;
			files = (
			);
			runOnlyForDeploymentPostprocessing = 0;
		};
		1015A4AD1B12D8D10020FFAF /* Frameworks */ = {
			isa = PBXFrameworksBuildPhase;
			buildActionMask = 2147483647;
			files = (
			);
			runOnlyForDeploymentPostprocessing = 0;
		};
/* End PBXFrameworksBuildPhase section */

/* Begin PBXGroup section */
		1015A48B1B12D8D10020FFAF = {
			isa = PBXGroup;
			children = (
				1015A4961B12D8D10020FFAF /* LibraryExercise */,
				1015A4B31B12D8D10020FFAF /* LibraryExerciseTests */,
				1015A4951B12D8D10020FFAF /* Products */,
			);
			sourceTree = "<group>";
		};
		1015A4951B12D8D10020FFAF /* Products */ = {
			isa = PBXGroup;
			children = (
				1015A4941B12D8D10020FFAF /* LibraryExercise.app */,
				1015A4B01B12D8D10020FFAF /* LibraryExerciseTests.xctest */,
			);
			name = Products;
			sourceTree = "<group>";
		};
		1015A4961B12D8D10020FFAF /* LibraryExercise */ = {
			isa = PBXGroup;
			children = (
				10AC4E1A1B13157900E7E89D /* Resource */,
				10240AE81B12F81500B937D7 /* JSONFileManager.h */,
				10240AE91B12F81500B937D7 /* JSONFileManager.m */,
				10AC4E171B13139000E7E89D /* CoreDataModel.h */,
				10AC4E181B13139000E7E89D /* CoreDataModel.m */,
				1015A49B1B12D8D10020FFAF /* AppDelegate.h */,
				1015A49C1B12D8D10020FFAF /* AppDelegate.m */,
				1015A4A41B12D8D10020FFAF /* Main.storyboard */,
				1015A4A71B12D8D10020FFAF /* Images.xcassets */,
				1015A4A91B12D8D10020FFAF /* LaunchScreen.xib */,
				1015A49E1B12D8D10020FFAF /* LibraryExercise.xcdatamodeld */,
				1015A4971B12D8D10020FFAF /* Supporting Files */,
				10240ADF1B12F75200B937D7 /* RegisterViewController.h */,
				10240AE01B12F75200B937D7 /* RegisterViewController.m */,
				10240AE21B12F75C00B937D7 /* LoginViewController.h */,
				10240AE31B12F75C00B937D7 /* LoginViewController.m */,
				10240AE51B12F76500B937D7 /* AdminViewController.h */,
				10240AE61B12F76500B937D7 /* AdminViewController.m */,
				10240AEE1B12FA3100B937D7 /* User.h */,
				10240AEF1B12FA3100B937D7 /* User.m */,
				10240AF11B12FA6000B937D7 /* Book.h */,
				10240AF21B12FA6000B937D7 /* Book.m */,
				10AC4E231B138EED00E7E89D /* UserViewController.h */,
				10AC4E241B138EED00E7E89D /* UserViewController.m */,
				10AC4E261B138F6100E7E89D /* UserNavViewController.h */,
				10AC4E271B138F6100E7E89D /* UserNavViewController.m */,
				10AC4E291B138FE800E7E89D /* UserInfoView.h */,
				10AC4E2A1B138FE800E7E89D /* UserInfoView.m */,
				10AC4E2C1B1390E700E7E89D /* UserInfoView.xib */,
				10E9E4CD1B1552F500D315AE /* BorrowingBookViewController.h */,
				10E9E4CE1B1552F500D315AE /* BorrowingBookViewController.m */,
				10D8ED311B160DDB0058B726 /* BookInfoViewController.h */,
				10D8ED321B160DDB0058B726 /* BookInfoViewController.m */,
				1054DB9B1B183D6900F30CE0 /* BookInfoTableViewCell.h */,
				1054DB9C1B183D6900F30CE0 /* BookInfoTableViewCell.m */,
				1054DB9D1B183D6900F30CE0 /* BookInfoTableViewCell.xib */,
			);
			path = LibraryExercise;
			sourceTree = "<group>";
		};
		1015A4971B12D8D10020FFAF /* Supporting Files */ = {
			isa = PBXGroup;
			children = (
				1015A4981B12D8D10020FFAF /* Info.plist */,
				1015A4991B12D8D10020FFAF /* main.m */,
			);
			name = "Supporting Files";
			sourceTree = "<group>";
		};
		1015A4B31B12D8D10020FFAF /* LibraryExerciseTests */ = {
			isa = PBXGroup;
			children = (
				1015A4B61B12D8D10020FFAF /* LibraryExerciseTests.m */,
				1015A4B41B12D8D10020FFAF /* Supporting Files */,
			);
			path = LibraryExerciseTests;
			sourceTree = "<group>";
		};
		1015A4B41B12D8D10020FFAF /* Supporting Files */ = {
			isa = PBXGroup;
			children = (
				1015A4B51B12D8D10020FFAF /* Info.plist */,
			);
			name = "Supporting Files";
			sourceTree = "<group>";
		};
		10AC4E1A1B13157900E7E89D /* Resource */ = {
			isa = PBXGroup;
			children = (
				10AC4E1D1B13389000E7E89D /* bookLoans.json */,
				10AC4E1B1B132F1E00E7E89D /* bookList.json */,
				100815171B12F28500FA2D7E /* UserList.json */,
				10AC4E1F1B13394800E7E89D /* bookCopies.json */,
				10AC4E211B1354B600E7E89D /* AuthorList.json */,
				104D9EB21B18066400876963 /* BranchList.json */,
			);
			name = Resource;
			sourceTree = "<group>";
		};
/* End PBXGroup section */

/* Begin PBXNativeTarget section */
		1015A4931B12D8D10020FFAF /* LibraryExercise */ = {
			isa = PBXNativeTarget;
			buildConfigurationList = 1015A4BA1B12D8D10020FFAF /* Build configuration list for PBXNativeTarget "LibraryExercise" */;
			buildPhases = (
				1015A4901B12D8D10020FFAF /* Sources */,
				1015A4911B12D8D10020FFAF /* Frameworks */,
				1015A4921B12D8D10020FFAF /* Resources */,
			);
			buildRules = (
			);
			dependencies = (
			);
			name = LibraryExercise;
			productName = LibraryExercise;
			productReference = 1015A4941B12D8D10020FFAF /* LibraryExercise.app */;
			productType = "com.apple.product-type.application";
		};
		1015A4AF1B12D8D10020FFAF /* LibraryExerciseTests */ = {
			isa = PBXNativeTarget;
			buildConfigurationList = 1015A4BD1B12D8D10020FFAF /* Build configuration list for PBXNativeTarget "LibraryExerciseTests" */;
			buildPhases = (
				1015A4AC1B12D8D10020FFAF /* Sources */,
				1015A4AD1B12D8D10020FFAF /* Frameworks */,
				1015A4AE1B12D8D10020FFAF /* Resources */,
			);
			buildRules = (
			);
			dependencies = (
				1015A4B21B12D8D10020FFAF /* PBXTargetDependency */,
			);
			name = LibraryExerciseTests;
			productName = LibraryExerciseTests;
			productReference = 1015A4B01B12D8D10020FFAF /* LibraryExerciseTests.xctest */;
			productType = "com.apple.product-type.bundle.unit-test";
		};
/* End PBXNativeTarget section */

/* Begin PBXProject section */
		1015A48C1B12D8D10020FFAF /* Project object */ = {
			isa = PBXProject;
			attributes = {
				LastUpgradeCheck = 0630;
				ORGANIZATIONNAME = iOSTutor;
				TargetAttributes = {
					1015A4931B12D8D10020FFAF = {
						CreatedOnToolsVersion = 6.3.2;
					};
					1015A4AF1B12D8D10020FFAF = {
						CreatedOnToolsVersion = 6.3.2;
						TestTargetID = 1015A4931B12D8D10020FFAF;
					};
				};
			};
			buildConfigurationList = 1015A48F1B12D8D10020FFAF /* Build configuration list for PBXProject "LibraryExercise" */;
			compatibilityVersion = "Xcode 3.2";
			developmentRegion = English;
			hasScannedForEncodings = 0;
			knownRegions = (
				en,
				Base,
			);
			mainGroup = 1015A48B1B12D8D10020FFAF;
			productRefGroup = 1015A4951B12D8D10020FFAF /* Products */;
			projectDirPath = "";
			projectRoot = "";
			targets = (
				1015A4931B12D8D10020FFAF /* LibraryExercise */,
				1015A4AF1B12D8D10020FFAF /* LibraryExerciseTests */,
			);
		};
/* End PBXProject section */

/* Begin PBXResourcesBuildPhase section */
		1015A4921B12D8D10020FFAF /* Resources */ = {
			isa = PBXResourcesBuildPhase;
			buildActionMask = 2147483647;
			files = (
				100815181B12F28500FA2D7E /* UserList.json in Resources */,
				1054DB9F1B183D6900F30CE0 /* BookInfoTableViewCell.xib in Resources */,
				1015A4A61B12D8D10020FFAF /* Main.storyboard in Resources */,
				10AC4E1E1B13389000E7E89D /* bookLoans.json in Resources */,
				104D9EB31B18066400876963 /* BranchList.json in Resources */,
				10AC4E1C1B132F1E00E7E89D /* bookList.json in Resources */,
				10AC4E201B13394800E7E89D /* bookCopies.json in Resources */,
				1015A4AB1B12D8D10020FFAF /* LaunchScreen.xib in Resources */,
				10AC4E2D1B1390E700E7E89D /* UserInfoView.xib in Resources */,
				10AC4E221B1354B600E7E89D /* AuthorList.json in Resources */,
				1015A4A81B12D8D10020FFAF /* Images.xcassets in Resources */,
			);
			runOnlyForDeploymentPostprocessing = 0;
		};
		1015A4AE1B12D8D10020FFAF /* Resources */ = {
			isa = PBXResourcesBuildPhase;
			buildActionMask = 2147483647;
			files = (
			);
			runOnlyForDeploymentPostprocessing = 0;
		};
/* End PBXResourcesBuildPhase section */

/* Begin PBXSourcesBuildPhase section */
		1015A4901B12D8D10020FFAF /* Sources */ = {
			isa = PBXSourcesBuildPhase;
			buildActionMask = 2147483647;
			files = (
				10240AF01B12FA3100B937D7 /* User.m in Sources */,
				10D8ED331B160DDB0058B726 /* BookInfoViewController.m in Sources */,
				10240AE11B12F75200B937D7 /* RegisterViewController.m in Sources */,
				10240AEA1B12F81500B937D7 /* JSONFileManager.m in Sources */,
				10240AF31B12FA6000B937D7 /* Book.m in Sources */,
				10240AE71B12F76500B937D7 /* AdminViewController.m in Sources */,
				1015A49D1B12D8D10020FFAF /* AppDelegate.m in Sources */,
				10240AE41B12F75C00B937D7 /* LoginViewController.m in Sources */,
				10E9E4CF1B1552F500D315AE /* BorrowingBookViewController.m in Sources */,
				10AC4E2B1B138FE800E7E89D /* UserInfoView.m in Sources */,
				10AC4E281B138F6100E7E89D /* UserNavViewController.m in Sources */,
				1015A4A01B12D8D10020FFAF /* LibraryExercise.xcdatamodeld in Sources */,
				1054DB9E1B183D6900F30CE0 /* BookInfoTableViewCell.m in Sources */,
				10AC4E251B138EED00E7E89D /* UserViewController.m in Sources */,
				10AC4E191B13139000E7E89D /* CoreDataModel.m in Sources */,
				1015A49A1B12D8D10020FFAF /* main.m in Sources */,
			);
			runOnlyForDeploymentPostprocessing = 0;
		};
		1015A4AC1B12D8D10020FFAF /* Sources */ = {
			isa = PBXSourcesBuildPhase;
			buildActionMask = 2147483647;
			files = (
				1015A4B71B12D8D10020FFAF /* LibraryExerciseTests.m in Sources */,
			);
			runOnlyForDeploymentPostprocessing = 0;
		};
/* End PBXSourcesBuildPhase section */

/* Begin PBXTargetDependency section */
		1015A4B21B12D8D10020FFAF /* PBXTargetDependency */ = {
			isa = PBXTargetDependency;
			target = 1015A4931B12D8D10020FFAF /* LibraryExercise */;
			targetProxy = 1015A4B11B12D8D10020FFAF /* PBXContainerItemProxy */;
		};
/* End PBXTargetDependency section */

/* Begin PBXVariantGroup section */
		1015A4A41B12D8D10020FFAF /* Main.storyboard */ = {
			isa = PBXVariantGroup;
			children = (
				1015A4A51B12D8D10020FFAF /* Base */,
			);
			name = Main.storyboard;
			sourceTree = "<group>";
		};
		1015A4A91B12D8D10020FFAF /* LaunchScreen.xib */ = {
			isa = PBXVariantGroup;
			children = (
				1015A4AA1B12D8D10020FFAF /* Base */,
			);
			name = LaunchScreen.xib;
			sourceTree = "<group>";
		};
/* End PBXVariantGroup section */

/* Begin XCBuildConfiguration section */
		1015A4B81B12D8D10020FFAF /* Debug */ = {
			isa = XCBuildConfiguration;
			buildSettings = {
				ALWAYS_SEARCH_USER_PATHS = NO;
				CLANG_CXX_LANGUAGE_STANDARD = "gnu++0x";
				CLANG_CXX_LIBRARY = "libc++";
				CLANG_ENABLE_MODULES = YES;
				CLANG_ENABLE_OBJC_ARC = YES;
				CLANG_WARN_BOOL_CONVERSION = YES;
				CLANG_WARN_CONSTANT_CONVERSION = YES;
				CLANG_WARN_DIRECT_OBJC_ISA_USAGE = YES_ERROR;
				CLANG_WARN_EMPTY_BODY = YES;
				CLANG_WARN_ENUM_CONVERSION = YES;
				CLANG_WARN_INT_CONVERSION = YES;
				CLANG_WARN_OBJC_ROOT_CLASS = YES_ERROR;
				CLANG_WARN_UNREACHABLE_CODE = YES;
				CLANG_WARN__DUPLICATE_METHOD_MATCH = YES;
				"CODE_SIGN_IDENTITY[sdk=iphoneos*]" = "iPhone Developer";
				COPY_PHASE_STRIP = NO;
				DEBUG_INFORMATION_FORMAT = "dwarf-with-dsym";
				ENABLE_STRICT_OBJC_MSGSEND = YES;
				GCC_C_LANGUAGE_STANDARD = gnu99;
				GCC_DYNAMIC_NO_PIC = NO;
				GCC_NO_COMMON_BLOCKS = YES;
				GCC_OPTIMIZATION_LEVEL = 0;
				GCC_PREPROCESSOR_DEFINITIONS = (
					"DEBUG=1",
					"$(inherited)",
				);
				GCC_SYMBOLS_PRIVATE_EXTERN = NO;
				GCC_WARN_64_TO_32_BIT_CONVERSION = YES;
				GCC_WARN_ABOUT_RETURN_TYPE = YES_ERROR;
				GCC_WARN_UNDECLARED_SELECTOR = YES;
				GCC_WARN_UNINITIALIZED_AUTOS = YES_AGGRESSIVE;
				GCC_WARN_UNUSED_FUNCTION = YES;
				GCC_WARN_UNUSED_VARIABLE = YES;
				IPHONEOS_DEPLOYMENT_TARGET = 8.3;
				MTL_ENABLE_DEBUG_INFO = YES;
				ONLY_ACTIVE_ARCH = YES;
				SDKROOT = iphoneos;
			};
			name = Debug;
		};
		1015A4B91B12D8D10020FFAF /* Release */ = {
			isa = XCBuildConfiguration;
			buildSettings = {
				ALWAYS_SEARCH_USER_PATHS = NO;
				CLANG_CXX_LANGUAGE_STANDARD = "gnu++0x";
				CLANG_CXX_LIBRARY = "libc++";
				CLANG_ENABLE_MODULES = YES;
				CLANG_ENABLE_OBJC_ARC = YES;
				CLANG_WARN_BOOL_CONVERSION = YES;
				CLANG_WARN_CONSTANT_CONVERSION = YES;
				CLANG_WARN_DIRECT_OBJC_ISA_USAGE = YES_ERROR;
				CLANG_WARN_EMPTY_BODY = YES;
				CLANG_WARN_ENUM_CONVERSION = YES;
				CLANG_WARN_INT_CONVERSION = YES;
				CLANG_WARN_OBJC_ROOT_CLASS = YES_ERROR;
				CLANG_WARN_UNREACHABLE_CODE = YES;
				CLANG_WARN__DUPLICATE_METHOD_MATCH = YES;
				"CODE_SIGN_IDENTITY[sdk=iphoneos*]" = "iPhone Developer";
				COPY_PHASE_STRIP = NO;
				DEBUG_INFORMATION_FORMAT = "dwarf-with-dsym";
				ENABLE_NS_ASSERTIONS = NO;
				ENABLE_STRICT_OBJC_MSGSEND = YES;
				GCC_C_LANGUAGE_STANDARD = gnu99;
				GCC_NO_COMMON_BLOCKS = YES;
				GCC_WARN_64_TO_32_BIT_CONVERSION = YES;
				GCC_WARN_ABOUT_RETURN_TYPE = YES_ERROR;
				GCC_WARN_UNDECLARED_SELECTOR = YES;
				GCC_WARN_UNINITIALIZED_AUTOS = YES_AGGRESSIVE;
				GCC_WARN_UNUSED_FUNCTION = YES;
				GCC_WARN_UNUSED_VARIABLE = YES;
				IPHONEOS_DEPLOYMENT_TARGET = 8.3;
				MTL_ENABLE_DEBUG_INFO = NO;
				SDKROOT = iphoneos;
				VALIDATE_PRODUCT = YES;
			};
			name = Release;
		};
		1015A4BB1B12D8D10020FFAF /* Debug */ = {
			isa = XCBuildConfiguration;
			buildSettings = {
				ASSETCATALOG_COMPILER_APPICON_NAME = AppIcon;
				INFOPLIST_FILE = LibraryExercise/Info.plist;
				LD_RUNPATH_SEARCH_PATHS = "$(inherited) @executable_path/Frameworks";
				PRODUCT_NAME = "$(TARGET_NAME)";
				TARGETED_DEVICE_FAMILY = 2;
			};
			name = Debug;
		};
		1015A4BC1B12D8D10020FFAF /* Release */ = {
			isa = XCBuildConfiguration;
			buildSettings = {
				ASSETCATALOG_COMPILER_APPICON_NAME = AppIcon;
				INFOPLIST_FILE = LibraryExercise/Info.plist;
				LD_RUNPATH_SEARCH_PATHS = "$(inherited) @executable_path/Frameworks";
				PRODUCT_NAME = "$(TARGET_NAME)";
				TARGETED_DEVICE_FAMILY = 2;
			};
			name = Release;
		};
		1015A4BE1B12D8D10020FFAF /* Debug */ = {
			isa = XCBuildConfiguration;
			buildSettings = {
				BUNDLE_LOADER = "$(TEST_HOST)";
				FRAMEWORK_SEARCH_PATHS = (
					"$(SDKROOT)/Developer/Library/Frameworks",
					"$(inherited)",
				);
				GCC_PREPROCESSOR_DEFINITIONS = (
					"DEBUG=1",
					"$(inherited)",
				);
				INFOPLIST_FILE = LibraryExerciseTests/Info.plist;
				LD_RUNPATH_SEARCH_PATHS = "$(inherited) @executable_path/Frameworks @loader_path/Frameworks";
				PRODUCT_NAME = "$(TARGET_NAME)";
				TEST_HOST = "$(BUILT_PRODUCTS_DIR)/LibraryExercise.app/LibraryExercise";
			};
			name = Debug;
		};
		1015A4BF1B12D8D10020FFAF /* Release */ = {
			isa = XCBuildConfiguration;
			buildSettings = {
				BUNDLE_LOADER = "$(TEST_HOST)";
				FRAMEWORK_SEARCH_PATHS = (
					"$(SDKROOT)/Developer/Library/Frameworks",
					"$(inherited)",
				);
				INFOPLIST_FILE = LibraryExerciseTests/Info.plist;
				LD_RUNPATH_SEARCH_PATHS = "$(inherited) @executable_path/Frameworks @loader_path/Frameworks";
				PRODUCT_NAME = "$(TARGET_NAME)";
				TEST_HOST = "$(BUILT_PRODUCTS_DIR)/LibraryExercise.app/LibraryExercise";
			};
			name = Release;
		};
/* End XCBuildConfiguration section */

/* Begin XCConfigurationList section */
		1015A48F1B12D8D10020FFAF /* Build configuration list for PBXProject "LibraryExercise" */ = {
			isa = XCConfigurationList;
			buildConfigurations = (
				1015A4B81B12D8D10020FFAF /* Debug */,
				1015A4B91B12D8D10020FFAF /* Release */,
			);
			defaultConfigurationIsVisible = 0;
			defaultConfigurationName = Release;
		};
		1015A4BA1B12D8D10020FFAF /* Build configuration list for PBXNativeTarget "LibraryExercise" */ = {
			isa = XCConfigurationList;
			buildConfigurations = (
				1015A4BB1B12D8D10020FFAF /* Debug */,
				1015A4BC1B12D8D10020FFAF /* Release */,
			);
			defaultConfigurationIsVisible = 0;
			defaultConfigurationName = Release;
		};
		1015A4BD1B12D8D10020FFAF /* Build configuration list for PBXNativeTarget "LibraryExerciseTests" */ = {
			isa = XCConfigurationList;
			buildConfigurations = (
				1015A4BE1B12D8D10020FFAF /* Debug */,
				1015A4BF1B12D8D10020FFAF /* Release */,
			);
			defaultConfigurationIsVisible = 0;
			defaultConfigurationName = Release;
		};
/* End XCConfigurationList section */

/* Begin XCVersionGroup section */
		1015A49E1B12D8D10020FFAF /* LibraryExercise.xcdatamodeld */ = {
			isa = XCVersionGroup;
			children = (
				1015A49F1B12D8D10020FFAF /* LibraryExercise.xcdatamodel */,
			);
			currentVersion = 1015A49F1B12D8D10020FFAF /* LibraryExercise.xcdatamodel */;
			path = LibraryExercise.xcdatamodeld;
			sourceTree = "<group>";
			versionGroupType = wrapper.xcdatamodel;
		};
/* End XCVersionGroup section */
	};
	rootObject = 1015A48C1B12D8D10020FFAF /* Project object */;
}
